
Microsoft Visual Studio Solution File, Format Version 12.00
Project("{FAE04EC0-301F-11D3-BF4B-00C04F79EFBC}") = "ConsoleSandbox", "ConsoleSandbox\ConsoleSandbox.csproj", "{C4CBD97F-6C43-4DA4-B2D5-C1DC31626FCA}"
EndProject
Project("{FAE04EC0-301F-11D3-BF4B-00C04F79EFBC}") = "Dnd.Core", "Dnd.Core\Dnd.Core.csproj", "{4169BFBC-118B-4FDE-9A50-6D71A75465E8}"
EndProject
Project("{FAE04EC0-301F-11D3-BF4B-00C04F79EFBC}") = "Dnd.Roll.API", "Dnd.Roll.API\Dnd.Roll.API.csproj", "{0FB19543-64CE-458D-82FF-17BA394D8A55}"
EndProject
Global
	GlobalSection(SolutionConfigurationPlatforms) = preSolution
		Debug|Any CPU = Debug|Any CPU
		Release|Any CPU = Release|Any CPU
	EndGlobalSection
	GlobalSection(ProjectConfigurationPlatforms) = postSolution
		{C4CBD97F-6C43-4DA4-B2D5-C1DC31626FCA}.Debug|Any CPU.ActiveCfg = Debug|Any CPU
		{C4CBD97F-6C43-4DA4-B2D5-C1DC31626FCA}.Debug|Any CPU.Build.0 = Debug|Any CPU
		{C4CBD97F-6C43-4DA4-B2D5-C1DC31626FCA}.Release|Any CPU.ActiveCfg = Release|Any CPU
		{C4CBD97F-6C43-4DA4-B2D5-C1DC31626FCA}.Release|Any CPU.Build.0 = Release|Any CPU
		{4169BFBC-118B-4FDE-9A50-6D71A75465E8}.Debug|Any CPU.ActiveCfg = Debug|Any CPU
		{4169BFBC-118B-4FDE-9A50-6D71A75465E8}.Debug|Any CPU.Build.0 = Debug|Any CPU
		{4169BFBC-118B-4FDE-9A50-6D71A75465E8}.Release|Any CPU.ActiveCfg = Release|Any CPU
		{4169BFBC-118B-4FDE-9A50-6D71A75465E8}.Release|Any CPU.Build.0 = Release|Any CPU
		{0FB19543-64CE-458D-82FF-17BA394D8A55}.Debug|Any CPU.ActiveCfg = Debug|Any CPU
		{0FB19543-64CE-458D-82FF-17BA394D8A55}.Debug|Any CPU.Build.0 = Debug|Any CPU
		{0FB19543-64CE-458D-82FF-17BA394D8A55}.Release|Any CPU.ActiveCfg = Release|Any CPU
		{0FB19543-64CE-458D-82FF-17BA394D8A55}.Release|Any CPU.Build.0 = Release|Any CPU
	EndGlobalSection
EndGlobal
