
Microsoft Visual Studio Solution File, Format Version 12.00
Project("{FAE04EC0-301F-11D3-BF4B-00C04F79EFBC}") = "Dnd.API", "Dnd.API\Dnd.API.csproj", "{DC178E46-ABE6-4EF6-8FC8-8C5088FD5682}"
EndProject
Project("{FAE04EC0-301F-11D3-BF4B-00C04F79EFBC}") = "Dnd.XUnit", "Dnd.XUnit\Dnd.XUnit.csproj", "{A2FBEB7A-EA63-4844-9AC4-12415DAE41BB}"
EndProject
Project("{FAE04EC0-301F-11D3-BF4B-00C04F79EFBC}") = "Dnd.Auth", "Dnd.Auth\Dnd.Auth.csproj", "{32036F8F-96CE-4115-A7EB-FAB9909209EE}"
EndProject
Project("{FAE04EC0-301F-11D3-BF4B-00C04F79EFBC}") = "Dnd.Caching", "Dnd.Caching\Dnd.Caching.csproj", "{A38E759D-D9CE-4899-A7B9-79763929054C}"
EndProject
Project("{FAE04EC0-301F-11D3-BF4B-00C04F79EFBC}") = "Dnd.Caching.API", "Dnd.Caching.API\Dnd.Caching.API.csproj", "{42CAB0FF-2AC8-458A-A3F0-657933CF2146}"
EndProject
Project("{FAE04EC0-301F-11D3-BF4B-00C04F79EFBC}") = "Dnd.Core", "Dnd.Core\Dnd.Core.csproj", "{11E02478-7018-45A2-B157-815972F3487A}"
EndProject
Project("{FAE04EC0-301F-11D3-BF4B-00C04F79EFBC}") = "Dnd.Core.API", "Dnd.Core.API\Dnd.Core.API.csproj", "{54A094AB-0BAE-4234-B5F5-254D05B00FE5}"
EndProject
Global
	GlobalSection(SolutionConfigurationPlatforms) = preSolution
		Debug|Any CPU = Debug|Any CPU
		Release|Any CPU = Release|Any CPU
	EndGlobalSection
	GlobalSection(ProjectConfigurationPlatforms) = postSolution
		{DC178E46-ABE6-4EF6-8FC8-8C5088FD5682}.Debug|Any CPU.ActiveCfg = Debug|Any CPU
		{DC178E46-ABE6-4EF6-8FC8-8C5088FD5682}.Debug|Any CPU.Build.0 = Debug|Any CPU
		{DC178E46-ABE6-4EF6-8FC8-8C5088FD5682}.Release|Any CPU.ActiveCfg = Release|Any CPU
		{DC178E46-ABE6-4EF6-8FC8-8C5088FD5682}.Release|Any CPU.Build.0 = Release|Any CPU
		{A2FBEB7A-EA63-4844-9AC4-12415DAE41BB}.Debug|Any CPU.ActiveCfg = Debug|Any CPU
		{A2FBEB7A-EA63-4844-9AC4-12415DAE41BB}.Debug|Any CPU.Build.0 = Debug|Any CPU
		{A2FBEB7A-EA63-4844-9AC4-12415DAE41BB}.Release|Any CPU.ActiveCfg = Release|Any CPU
		{A2FBEB7A-EA63-4844-9AC4-12415DAE41BB}.Release|Any CPU.Build.0 = Release|Any CPU
		{32036F8F-96CE-4115-A7EB-FAB9909209EE}.Debug|Any CPU.ActiveCfg = Debug|Any CPU
		{32036F8F-96CE-4115-A7EB-FAB9909209EE}.Debug|Any CPU.Build.0 = Debug|Any CPU
		{32036F8F-96CE-4115-A7EB-FAB9909209EE}.Release|Any CPU.ActiveCfg = Release|Any CPU
		{32036F8F-96CE-4115-A7EB-FAB9909209EE}.Release|Any CPU.Build.0 = Release|Any CPU
		{A38E759D-D9CE-4899-A7B9-79763929054C}.Debug|Any CPU.ActiveCfg = Debug|Any CPU
		{A38E759D-D9CE-4899-A7B9-79763929054C}.Debug|Any CPU.Build.0 = Debug|Any CPU
		{A38E759D-D9CE-4899-A7B9-79763929054C}.Release|Any CPU.ActiveCfg = Release|Any CPU
		{A38E759D-D9CE-4899-A7B9-79763929054C}.Release|Any CPU.Build.0 = Release|Any CPU
		{42CAB0FF-2AC8-458A-A3F0-657933CF2146}.Debug|Any CPU.ActiveCfg = Debug|Any CPU
		{42CAB0FF-2AC8-458A-A3F0-657933CF2146}.Debug|Any CPU.Build.0 = Debug|Any CPU
		{42CAB0FF-2AC8-458A-A3F0-657933CF2146}.Release|Any CPU.ActiveCfg = Release|Any CPU
		{42CAB0FF-2AC8-458A-A3F0-657933CF2146}.Release|Any CPU.Build.0 = Release|Any CPU
		{11E02478-7018-45A2-B157-815972F3487A}.Debug|Any CPU.ActiveCfg = Debug|Any CPU
		{11E02478-7018-45A2-B157-815972F3487A}.Debug|Any CPU.Build.0 = Debug|Any CPU
		{11E02478-7018-45A2-B157-815972F3487A}.Release|Any CPU.ActiveCfg = Release|Any CPU
		{11E02478-7018-45A2-B157-815972F3487A}.Release|Any CPU.Build.0 = Release|Any CPU
		{54A094AB-0BAE-4234-B5F5-254D05B00FE5}.Debug|Any CPU.ActiveCfg = Debug|Any CPU
		{54A094AB-0BAE-4234-B5F5-254D05B00FE5}.Debug|Any CPU.Build.0 = Debug|Any CPU
		{54A094AB-0BAE-4234-B5F5-254D05B00FE5}.Release|Any CPU.ActiveCfg = Release|Any CPU
		{54A094AB-0BAE-4234-B5F5-254D05B00FE5}.Release|Any CPU.Build.0 = Release|Any CPU
	EndGlobalSection
EndGlobal
